// !$*UTF8*$!
{
	archiveVersion = 1;
	classes = {
	};
	objectVersion = 56;
	objects = {

/* Begin PBXBuildFile section */
		270FC6FF299E3A25004226CD /* MoviePicksView.swift in Sources */ = {isa = PBXBuildFile; fileRef = 270FC6FE299E3A25004226CD /* MoviePicksView.swift */; };
		270FC701299E3BB8004226CD /* Animation.swift in Sources */ = {isa = PBXBuildFile; fileRef = 270FC700299E3BB8004226CD /* Animation.swift */; };
		272C3A4C299E1BAC00316768 /* DividerView.swift in Sources */ = {isa = PBXBuildFile; fileRef = 272C3A4B299E1BAC00316768 /* DividerView.swift */; };
		272C3A50299E1EF700316768 /* SimilarMoviesView.swift in Sources */ = {isa = PBXBuildFile; fileRef = 272C3A4F299E1EF700316768 /* SimilarMoviesView.swift */; };
		272C3A52299E22B200316768 /* DisappearingGradientView.swift in Sources */ = {isa = PBXBuildFile; fileRef = 272C3A51299E22B200316768 /* DisappearingGradientView.swift */; };
		272C3A54299E2BA100316768 /* ResultMoviesView.swift in Sources */ = {isa = PBXBuildFile; fileRef = 272C3A53299E2BA100316768 /* ResultMoviesView.swift */; };
		273F5D6A29C716AA00C91C24 /* Button.swift in Sources */ = {isa = PBXBuildFile; fileRef = 273F5D6929C716AA00C91C24 /* Button.swift */; };
		273F5D6C29C71A7E00C91C24 /* InfiniteLazyVGridView.swift in Sources */ = {isa = PBXBuildFile; fileRef = 273F5D6B29C71A7E00C91C24 /* InfiniteLazyVGridView.swift */; };
		273F5D6E29C95E3B00C91C24 /* Page.swift in Sources */ = {isa = PBXBuildFile; fileRef = 273F5D6D29C95E3B00C91C24 /* Page.swift */; };
		273F5D7029C95F7D00C91C24 /* Pager_Tests.swift in Sources */ = {isa = PBXBuildFile; fileRef = 273F5D6F29C95F7D00C91C24 /* Pager_Tests.swift */; };
		273F5D7229C966C200C91C24 /* SearchPager.swift in Sources */ = {isa = PBXBuildFile; fileRef = 273F5D7129C966C200C91C24 /* SearchPager.swift */; };
		275D09EF299E18B6000F6169 /* MovieInfoBoxView.swift in Sources */ = {isa = PBXBuildFile; fileRef = 275D09EE299E18B6000F6169 /* MovieInfoBoxView.swift */; };
		276309B7298261BE009392F8 /* TMDB_Service_Tests.swift in Sources */ = {isa = PBXBuildFile; fileRef = 276309B6298261BE009392F8 /* TMDB_Service_Tests.swift */; };
		2763BF492992455E008D609A /* SearchBarView.swift in Sources */ = {isa = PBXBuildFile; fileRef = 2763BF482992455E008D609A /* SearchBarView.swift */; };
		2763BF4B29924860008D609A /* Modifier.swift in Sources */ = {isa = PBXBuildFile; fileRef = 2763BF4A29924860008D609A /* Modifier.swift */; };
		2763BF4D2992646F008D609A /* PreferencesSheetView.swift in Sources */ = {isa = PBXBuildFile; fileRef = 2763BF4C2992646F008D609A /* PreferencesSheetView.swift */; };
		2763BF4F2992666B008D609A /* FilledButtonView.swift in Sources */ = {isa = PBXBuildFile; fileRef = 2763BF4E2992666B008D609A /* FilledButtonView.swift */; };
		2763BF5129926751008D609A /* CloseButtonView.swift in Sources */ = {isa = PBXBuildFile; fileRef = 2763BF5029926751008D609A /* CloseButtonView.swift */; };
		2763BF5329926899008D609A /* SelectionChipsView.swift in Sources */ = {isa = PBXBuildFile; fileRef = 2763BF5229926899008D609A /* SelectionChipsView.swift */; };
		2763BF552992793B008D609A /* StatusBarBackgroundView.swift in Sources */ = {isa = PBXBuildFile; fileRef = 2763BF542992793B008D609A /* StatusBarBackgroundView.swift */; };
		2763BF9329938A47008D609A /* ChipOptionView.swift in Sources */ = {isa = PBXBuildFile; fileRef = 2763BF9229938A47008D609A /* ChipOptionView.swift */; };
		2763BF952993A367008D609A /* ChipToggleView.swift in Sources */ = {isa = PBXBuildFile; fileRef = 2763BF942993A367008D609A /* ChipToggleView.swift */; };
		2763BF972993A633008D609A /* ChipButtonView.swift in Sources */ = {isa = PBXBuildFile; fileRef = 2763BF962993A633008D609A /* ChipButtonView.swift */; };
		2763BF992993D4D3008D609A /* Logging.swift in Sources */ = {isa = PBXBuildFile; fileRef = 2763BF982993D4D3008D609A /* Logging.swift */; };
		277F84692999FDC500109CD3 /* ImageRepository.swift in Sources */ = {isa = PBXBuildFile; fileRef = 277F84682999FDC500109CD3 /* ImageRepository.swift */; };
		277F846D2999FFBF00109CD3 /* AsyncImageView.swift in Sources */ = {isa = PBXBuildFile; fileRef = 277F846C2999FFBF00109CD3 /* AsyncImageView.swift */; };
		277F846F299A2B1500109CD3 /* ImageCacheRepository.swift in Sources */ = {isa = PBXBuildFile; fileRef = 277F846E299A2B1500109CD3 /* ImageCacheRepository.swift */; };
		277F84A1299BA64000109CD3 /* Numbers.swift in Sources */ = {isa = PBXBuildFile; fileRef = 277F84A0299BA64000109CD3 /* Numbers.swift */; };
		27BB19D5296FC67700851E14 /* Preference.swift in Sources */ = {isa = PBXBuildFile; fileRef = 27BB19D4296FC67700851E14 /* Preference.swift */; };
		27BB19D7296FC83400851E14 /* Date.swift in Sources */ = {isa = PBXBuildFile; fileRef = 27BB19D6296FC83400851E14 /* Date.swift */; };
		27BB19D9296FCC0F00851E14 /* MovieDay.swift in Sources */ = {isa = PBXBuildFile; fileRef = 27BB19D8296FCC0F00851E14 /* MovieDay.swift */; };
		27BB19DB296FE18700851E14 /* Coder.swift in Sources */ = {isa = PBXBuildFile; fileRef = 27BB19DA296FE18700851E14 /* Coder.swift */; };
		27BB19DD296FE76A00851E14 /* App_Data_Repository_Tests.swift in Sources */ = {isa = PBXBuildFile; fileRef = 27BB19DC296FE76A00851E14 /* App_Data_Repository_Tests.swift */; };
		27BB19DF296FF41B00851E14 /* Shuffle.swift in Sources */ = {isa = PBXBuildFile; fileRef = 27BB19DE296FF41B00851E14 /* Shuffle.swift */; };
		27BB19E1296FFB3600851E14 /* Array_Tests.swift in Sources */ = {isa = PBXBuildFile; fileRef = 27BB19E0296FFB3600851E14 /* Array_Tests.swift */; };
		27BB19E3296FFBBC00851E14 /* Test.swift in Sources */ = {isa = PBXBuildFile; fileRef = 27BB19E2296FFBBC00851E14 /* Test.swift */; };
		27BB19E5297007BC00851E14 /* Validation.swift in Sources */ = {isa = PBXBuildFile; fileRef = 27BB19E4297007BC00851E14 /* Validation.swift */; };
		27BB19E72970166E00851E14 /* Date_Tests.swift in Sources */ = {isa = PBXBuildFile; fileRef = 27BB19E62970166E00851E14 /* Date_Tests.swift */; };
		27BB19E929701DC000851E14 /* App_View_Model_Tests.swift in Sources */ = {isa = PBXBuildFile; fileRef = 27BB19E829701DC000851E14 /* App_View_Model_Tests.swift */; };
		27C1BD2F29A23CFB00D81AAA /* NoImageView.swift in Sources */ = {isa = PBXBuildFile; fileRef = 27C1BD2E29A23CFB00D81AAA /* NoImageView.swift */; };
		27C1BD9229A372CA00D81AAA /* LoadingImageView.swift in Sources */ = {isa = PBXBuildFile; fileRef = 27C1BD9129A372CA00D81AAA /* LoadingImageView.swift */; };
		27C6C69C29AB5DAA00A15B51 /* ResultNetworkErrorView.swift in Sources */ = {isa = PBXBuildFile; fileRef = 27C6C69B29AB5DAA00A15B51 /* ResultNetworkErrorView.swift */; };
		27C6C6D329AF326A00A15B51 /* MovieFilmView.swift in Sources */ = {isa = PBXBuildFile; fileRef = 27C6C6D229AF326900A15B51 /* MovieFilmView.swift */; };
		27C6C6D529AF3A3D00A15B51 /* AlertView.swift in Sources */ = {isa = PBXBuildFile; fileRef = 27C6C6D429AF3A3D00A15B51 /* AlertView.swift */; };
		27EE976B29A622F100D9D343 /* ResultNoInternetConnectionView.swift in Sources */ = {isa = PBXBuildFile; fileRef = 27EE976A29A622F100D9D343 /* ResultNoInternetConnectionView.swift */; };
		27EE976D29A622FC00D9D343 /* ResultNoneView.swift in Sources */ = {isa = PBXBuildFile; fileRef = 27EE976C29A622FC00D9D343 /* ResultNoneView.swift */; };
		27EE976F29A624AB00D9D343 /* NetworkConnectionRepository.swift in Sources */ = {isa = PBXBuildFile; fileRef = 27EE976E29A624AB00D9D343 /* NetworkConnectionRepository.swift */; };
		27EE977129A6288300D9D343 /* SearchingView.swift in Sources */ = {isa = PBXBuildFile; fileRef = 27EE977029A6288300D9D343 /* SearchingView.swift */; };
		27FAD23D298A58F20069DE72 /* Inter-SemiBold.ttf in Resources */ = {isa = PBXBuildFile; fileRef = 27FAD23A298A58F20069DE72 /* Inter-SemiBold.ttf */; };
		27FAD23E298A58F20069DE72 /* Inter-ExtraBold.ttf in Resources */ = {isa = PBXBuildFile; fileRef = 27FAD23B298A58F20069DE72 /* Inter-ExtraBold.ttf */; };
		27FAD23F298A58F20069DE72 /* Inter-Bold.ttf in Resources */ = {isa = PBXBuildFile; fileRef = 27FAD23C298A58F20069DE72 /* Inter-Bold.ttf */; };
		27FAD241298A58FA0069DE72 /* Amaranth-Bold.ttf in Resources */ = {isa = PBXBuildFile; fileRef = 27FAD240298A58FA0069DE72 /* Amaranth-Bold.ttf */; };
		27FAD247298A5C900069DE72 /* TopBarView.swift in Sources */ = {isa = PBXBuildFile; fileRef = 27FAD246298A5C900069DE72 /* TopBarView.swift */; };
		27FAD24A298A5E390069DE72 /* RoundButtonView.swift in Sources */ = {isa = PBXBuildFile; fileRef = 27FAD249298A5E380069DE72 /* RoundButtonView.swift */; };
		27FAD24C298A627F0069DE72 /* PickCardView.swift in Sources */ = {isa = PBXBuildFile; fileRef = 27FAD24B298A627F0069DE72 /* PickCardView.swift */; };
		27FAD24E298A6F080069DE72 /* Shadow.swift in Sources */ = {isa = PBXBuildFile; fileRef = 27FAD24D298A6F080069DE72 /* Shadow.swift */; };
		27FAD251298A77230069DE72 /* MovieCardView.swift in Sources */ = {isa = PBXBuildFile; fileRef = 27FAD250298A77230069DE72 /* MovieCardView.swift */; };
		27FAD253298A7D490069DE72 /* PagerTabView.swift in Sources */ = {isa = PBXBuildFile; fileRef = 27FAD252298A7D490069DE72 /* PagerTabView.swift */; };
		27FAD255298A7DEB0069DE72 /* CircledButtonView.swift in Sources */ = {isa = PBXBuildFile; fileRef = 27FAD254298A7DEB0069DE72 /* CircledButtonView.swift */; };
		27FAD257298A82070069DE72 /* PagerView.swift in Sources */ = {isa = PBXBuildFile; fileRef = 27FAD256298A82070069DE72 /* PagerView.swift */; };
		27FDBD6E29696773008FA32E /* Icon.swift in Sources */ = {isa = PBXBuildFile; fileRef = 27FDBD6D29696773008FA32E /* Icon.swift */; };
		27FDBD7029696773008FA32E /* LaunchScreen.storyboard in Resources */ = {isa = PBXBuildFile; fileRef = 27FDBD6F29696773008FA32E /* LaunchScreen.storyboard */; };
		27FDBD7429696773008FA32E /* Type.swift in Sources */ = {isa = PBXBuildFile; fileRef = 27FDBD7329696773008FA32E /* Type.swift */; };
		27FDBD7829696773008FA32E /* Color.swift in Sources */ = {isa = PBXBuildFile; fileRef = 27FDBD7729696773008FA32E /* Color.swift */; };
		27FDBD7A29696773008FA32E /* Movie_Pick_of_the_DayApp.swift in Sources */ = {isa = PBXBuildFile; fileRef = 27FDBD7929696773008FA32E /* Movie_Pick_of_the_DayApp.swift */; };
		27FDBD7E29696775008FA32E /* Assets.xcassets in Resources */ = {isa = PBXBuildFile; fileRef = 27FDBD7D29696775008FA32E /* Assets.xcassets */; };
		27FDBD8129696776008FA32E /* Preview Assets.xcassets in Resources */ = {isa = PBXBuildFile; fileRef = 27FDBD8029696776008FA32E /* Preview Assets.xcassets */; };
		27FDBD8B29696776008FA32E /* Dictionary_Coder_Tests.swift in Sources */ = {isa = PBXBuildFile; fileRef = 27FDBD8A29696776008FA32E /* Dictionary_Coder_Tests.swift */; };
		27FDBD9529696776008FA32E /* Movie_Pick_of_the_DayUITests.swift in Sources */ = {isa = PBXBuildFile; fileRef = 27FDBD9429696776008FA32E /* Movie_Pick_of_the_DayUITests.swift */; };
		27FDBD9729696776008FA32E /* Movie_Pick_of_the_DayUITestsLaunchTests.swift in Sources */ = {isa = PBXBuildFile; fileRef = 27FDBD9629696776008FA32E /* Movie_Pick_of_the_DayUITestsLaunchTests.swift */; };
		27FDBDBA29696887008FA32E /* Keys.swift in Sources */ = {isa = PBXBuildFile; fileRef = 27FDBDAA29696887008FA32E /* Keys.swift */; };
		27FDBDBB29696887008FA32E /* AppDataRepository.swift in Sources */ = {isa = PBXBuildFile; fileRef = 27FDBDAB29696887008FA32E /* AppDataRepository.swift */; };
		27FDBDBC29696887008FA32E /* LocalStorage.swift in Sources */ = {isa = PBXBuildFile; fileRef = 27FDBDAC29696887008FA32E /* LocalStorage.swift */; };
		27FDBDBD29696887008FA32E /* MovieRepository.swift in Sources */ = {isa = PBXBuildFile; fileRef = 27FDBDAD29696887008FA32E /* MovieRepository.swift */; };
		27FDBDBE29696887008FA32E /* TMDBService.swift in Sources */ = {isa = PBXBuildFile; fileRef = 27FDBDAE29696887008FA32E /* TMDBService.swift */; };
		27FDBDC9296968B0008FA32E /* SearchView.swift in Sources */ = {isa = PBXBuildFile; fileRef = 27FDBDC5296968AF008FA32E /* SearchView.swift */; };
		27FDBDCA296968B0008FA32E /* PickOfTheDayView.swift in Sources */ = {isa = PBXBuildFile; fileRef = 27FDBDC6296968AF008FA32E /* PickOfTheDayView.swift */; };
		27FDBDCB296968B0008FA32E /* AppView.swift in Sources */ = {isa = PBXBuildFile; fileRef = 27FDBDC7296968AF008FA32E /* AppView.swift */; };
		27FDBDCC296968B0008FA32E /* PickRevealView.swift in Sources */ = {isa = PBXBuildFile; fileRef = 27FDBDC8296968AF008FA32E /* PickRevealView.swift */; };
		27FDBDD9296969BA008FA32E /* Language.swift in Sources */ = {isa = PBXBuildFile; fileRef = 27FDBDCE296969BA008FA32E /* Language.swift */; };
		27FDBDDA296969BA008FA32E /* Movie.swift in Sources */ = {isa = PBXBuildFile; fileRef = 27FDBDCF296969BA008FA32E /* Movie.swift */; };
		27FDBDDB296969BA008FA32E /* Genre.swift in Sources */ = {isa = PBXBuildFile; fileRef = 27FDBDD0296969BA008FA32E /* Genre.swift */; };
		27FDBDDC296969BA008FA32E /* Response.swift in Sources */ = {isa = PBXBuildFile; fileRef = 27FDBDD1296969BA008FA32E /* Response.swift */; };
		27FDBDDD296969BA008FA32E /* Request.swift in Sources */ = {isa = PBXBuildFile; fileRef = 27FDBDD2296969BA008FA32E /* Request.swift */; };
		27FDBDDE296969BA008FA32E /* AppViewModel.swift in Sources */ = {isa = PBXBuildFile; fileRef = 27FDBDD3296969BA008FA32E /* AppViewModel.swift */; };
		27FDBDDF296969BA008FA32E /* Network.swift in Sources */ = {isa = PBXBuildFile; fileRef = 27FDBDD5296969BA008FA32E /* Network.swift */; };
		27FDBDE0296969BA008FA32E /* Dimensions.swift in Sources */ = {isa = PBXBuildFile; fileRef = 27FDBDD6296969BA008FA32E /* Dimensions.swift */; };
		27FDBDE1296969BA008FA32E /* Frame.swift in Sources */ = {isa = PBXBuildFile; fileRef = 27FDBDD7296969BA008FA32E /* Frame.swift */; };
		27FDBDE2296969BA008FA32E /* Text.swift in Sources */ = {isa = PBXBuildFile; fileRef = 27FDBDD8296969BA008FA32E /* Text.swift */; };
/* End PBXBuildFile section */

/* Begin PBXContainerItemProxy section */
		27FDBD8729696776008FA32E /* PBXContainerItemProxy */ = {
			isa = PBXContainerItemProxy;
			containerPortal = 27FDBD5529696773008FA32E /* Project object */;
			proxyType = 1;
			remoteGlobalIDString = 27FDBD5C29696773008FA32E;
			remoteInfo = "Movie Pick of the Day";
		};
		27FDBD9129696776008FA32E /* PBXContainerItemProxy */ = {
			isa = PBXContainerItemProxy;
			containerPortal = 27FDBD5529696773008FA32E /* Project object */;
			proxyType = 1;
			remoteGlobalIDString = 27FDBD5C29696773008FA32E;
			remoteInfo = "Movie Pick of the Day";
		};
/* End PBXContainerItemProxy section */

/* Begin PBXFileReference section */
		270FC6FE299E3A25004226CD /* MoviePicksView.swift */ = {isa = PBXFileReference; lastKnownFileType = sourcecode.swift; path = MoviePicksView.swift; sourceTree = "<group>"; };
		270FC700299E3BB8004226CD /* Animation.swift */ = {isa = PBXFileReference; lastKnownFileType = sourcecode.swift; path = Animation.swift; sourceTree = "<group>"; };
		272C3A4B299E1BAC00316768 /* DividerView.swift */ = {isa = PBXFileReference; lastKnownFileType = sourcecode.swift; path = DividerView.swift; sourceTree = "<group>"; };
		272C3A4F299E1EF700316768 /* SimilarMoviesView.swift */ = {isa = PBXFileReference; lastKnownFileType = sourcecode.swift; path = SimilarMoviesView.swift; sourceTree = "<group>"; };
		272C3A51299E22B200316768 /* DisappearingGradientView.swift */ = {isa = PBXFileReference; lastKnownFileType = sourcecode.swift; path = DisappearingGradientView.swift; sourceTree = "<group>"; };
		272C3A53299E2BA100316768 /* ResultMoviesView.swift */ = {isa = PBXFileReference; lastKnownFileType = sourcecode.swift; path = ResultMoviesView.swift; sourceTree = "<group>"; };
		273F5D6929C716AA00C91C24 /* Button.swift */ = {isa = PBXFileReference; lastKnownFileType = sourcecode.swift; path = Button.swift; sourceTree = "<group>"; };
		273F5D6B29C71A7E00C91C24 /* InfiniteLazyVGridView.swift */ = {isa = PBXFileReference; lastKnownFileType = sourcecode.swift; path = InfiniteLazyVGridView.swift; sourceTree = "<group>"; };
		273F5D6D29C95E3B00C91C24 /* Page.swift */ = {isa = PBXFileReference; lastKnownFileType = sourcecode.swift; path = Page.swift; sourceTree = "<group>"; };
		273F5D6F29C95F7D00C91C24 /* Pager_Tests.swift */ = {isa = PBXFileReference; lastKnownFileType = sourcecode.swift; path = Pager_Tests.swift; sourceTree = "<group>"; };
		273F5D7129C966C200C91C24 /* SearchPager.swift */ = {isa = PBXFileReference; lastKnownFileType = sourcecode.swift; path = SearchPager.swift; sourceTree = "<group>"; };
		275D09EE299E18B6000F6169 /* MovieInfoBoxView.swift */ = {isa = PBXFileReference; lastKnownFileType = sourcecode.swift; path = MovieInfoBoxView.swift; sourceTree = "<group>"; };
		276309B6298261BE009392F8 /* TMDB_Service_Tests.swift */ = {isa = PBXFileReference; lastKnownFileType = sourcecode.swift; path = TMDB_Service_Tests.swift; sourceTree = "<group>"; };
		2763BF482992455E008D609A /* SearchBarView.swift */ = {isa = PBXFileReference; lastKnownFileType = sourcecode.swift; path = SearchBarView.swift; sourceTree = "<group>"; };
		2763BF4A29924860008D609A /* Modifier.swift */ = {isa = PBXFileReference; lastKnownFileType = sourcecode.swift; path = Modifier.swift; sourceTree = "<group>"; };
		2763BF4C2992646F008D609A /* PreferencesSheetView.swift */ = {isa = PBXFileReference; lastKnownFileType = sourcecode.swift; path = PreferencesSheetView.swift; sourceTree = "<group>"; };
		2763BF4E2992666B008D609A /* FilledButtonView.swift */ = {isa = PBXFileReference; lastKnownFileType = sourcecode.swift; path = FilledButtonView.swift; sourceTree = "<group>"; };
		2763BF5029926751008D609A /* CloseButtonView.swift */ = {isa = PBXFileReference; lastKnownFileType = sourcecode.swift; path = CloseButtonView.swift; sourceTree = "<group>"; };
		2763BF5229926899008D609A /* SelectionChipsView.swift */ = {isa = PBXFileReference; lastKnownFileType = sourcecode.swift; path = SelectionChipsView.swift; sourceTree = "<group>"; };
		2763BF542992793B008D609A /* StatusBarBackgroundView.swift */ = {isa = PBXFileReference; lastKnownFileType = sourcecode.swift; path = StatusBarBackgroundView.swift; sourceTree = "<group>"; };
		2763BF9229938A47008D609A /* ChipOptionView.swift */ = {isa = PBXFileReference; lastKnownFileType = sourcecode.swift; path = ChipOptionView.swift; sourceTree = "<group>"; };
		2763BF942993A367008D609A /* ChipToggleView.swift */ = {isa = PBXFileReference; lastKnownFileType = sourcecode.swift; path = ChipToggleView.swift; sourceTree = "<group>"; };
		2763BF962993A633008D609A /* ChipButtonView.swift */ = {isa = PBXFileReference; lastKnownFileType = sourcecode.swift; path = ChipButtonView.swift; sourceTree = "<group>"; };
		2763BF982993D4D3008D609A /* Logging.swift */ = {isa = PBXFileReference; lastKnownFileType = sourcecode.swift; path = Logging.swift; sourceTree = "<group>"; };
		277F84682999FDC500109CD3 /* ImageRepository.swift */ = {isa = PBXFileReference; lastKnownFileType = sourcecode.swift; path = ImageRepository.swift; sourceTree = "<group>"; };
		277F846C2999FFBF00109CD3 /* AsyncImageView.swift */ = {isa = PBXFileReference; lastKnownFileType = sourcecode.swift; path = AsyncImageView.swift; sourceTree = "<group>"; };
		277F846E299A2B1500109CD3 /* ImageCacheRepository.swift */ = {isa = PBXFileReference; lastKnownFileType = sourcecode.swift; path = ImageCacheRepository.swift; sourceTree = "<group>"; };
		277F84A0299BA64000109CD3 /* Numbers.swift */ = {isa = PBXFileReference; lastKnownFileType = sourcecode.swift; path = Numbers.swift; sourceTree = "<group>"; };
		27BB19D4296FC67700851E14 /* Preference.swift */ = {isa = PBXFileReference; lastKnownFileType = sourcecode.swift; path = Preference.swift; sourceTree = "<group>"; };
		27BB19D6296FC83400851E14 /* Date.swift */ = {isa = PBXFileReference; lastKnownFileType = sourcecode.swift; path = Date.swift; sourceTree = "<group>"; };
		27BB19D8296FCC0F00851E14 /* MovieDay.swift */ = {isa = PBXFileReference; lastKnownFileType = sourcecode.swift; path = MovieDay.swift; sourceTree = "<group>"; };
		27BB19DA296FE18700851E14 /* Coder.swift */ = {isa = PBXFileReference; lastKnownFileType = sourcecode.swift; path = Coder.swift; sourceTree = "<group>"; };
		27BB19DC296FE76A00851E14 /* App_Data_Repository_Tests.swift */ = {isa = PBXFileReference; lastKnownFileType = sourcecode.swift; path = App_Data_Repository_Tests.swift; sourceTree = "<group>"; };
		27BB19DE296FF41B00851E14 /* Shuffle.swift */ = {isa = PBXFileReference; lastKnownFileType = sourcecode.swift; path = Shuffle.swift; sourceTree = "<group>"; };
		27BB19E0296FFB3600851E14 /* Array_Tests.swift */ = {isa = PBXFileReference; lastKnownFileType = sourcecode.swift; path = Array_Tests.swift; sourceTree = "<group>"; };
		27BB19E2296FFBBC00851E14 /* Test.swift */ = {isa = PBXFileReference; lastKnownFileType = sourcecode.swift; path = Test.swift; sourceTree = "<group>"; };
		27BB19E4297007BC00851E14 /* Validation.swift */ = {isa = PBXFileReference; lastKnownFileType = sourcecode.swift; path = Validation.swift; sourceTree = "<group>"; };
		27BB19E62970166E00851E14 /* Date_Tests.swift */ = {isa = PBXFileReference; lastKnownFileType = sourcecode.swift; path = Date_Tests.swift; sourceTree = "<group>"; };
		27BB19E829701DC000851E14 /* App_View_Model_Tests.swift */ = {isa = PBXFileReference; lastKnownFileType = sourcecode.swift; path = App_View_Model_Tests.swift; sourceTree = "<group>"; };
		27C1BD2E29A23CFB00D81AAA /* NoImageView.swift */ = {isa = PBXFileReference; lastKnownFileType = sourcecode.swift; path = NoImageView.swift; sourceTree = "<group>"; };
		27C1BD9129A372CA00D81AAA /* LoadingImageView.swift */ = {isa = PBXFileReference; lastKnownFileType = sourcecode.swift; path = LoadingImageView.swift; sourceTree = "<group>"; };
		27C6C69B29AB5DAA00A15B51 /* ResultNetworkErrorView.swift */ = {isa = PBXFileReference; lastKnownFileType = sourcecode.swift; path = ResultNetworkErrorView.swift; sourceTree = "<group>"; };
		27C6C6D229AF326900A15B51 /* MovieFilmView.swift */ = {isa = PBXFileReference; lastKnownFileType = sourcecode.swift; path = MovieFilmView.swift; sourceTree = "<group>"; };
		27C6C6D429AF3A3D00A15B51 /* AlertView.swift */ = {isa = PBXFileReference; lastKnownFileType = sourcecode.swift; path = AlertView.swift; sourceTree = "<group>"; };
		27EE976A29A622F100D9D343 /* ResultNoInternetConnectionView.swift */ = {isa = PBXFileReference; lastKnownFileType = sourcecode.swift; path = ResultNoInternetConnectionView.swift; sourceTree = "<group>"; };
		27EE976C29A622FC00D9D343 /* ResultNoneView.swift */ = {isa = PBXFileReference; lastKnownFileType = sourcecode.swift; path = ResultNoneView.swift; sourceTree = "<group>"; };
		27EE976E29A624AB00D9D343 /* NetworkConnectionRepository.swift */ = {isa = PBXFileReference; lastKnownFileType = sourcecode.swift; path = NetworkConnectionRepository.swift; sourceTree = "<group>"; };
		27EE977029A6288300D9D343 /* SearchingView.swift */ = {isa = PBXFileReference; lastKnownFileType = sourcecode.swift; path = SearchingView.swift; sourceTree = "<group>"; };
		27FAD238298A57440069DE72 /* Movie-Pick-of-the-Day-Info.plist */ = {isa = PBXFileReference; lastKnownFileType = text.plist; path = "Movie-Pick-of-the-Day-Info.plist"; sourceTree = SOURCE_ROOT; };
		27FAD23A298A58F20069DE72 /* Inter-SemiBold.ttf */ = {isa = PBXFileReference; lastKnownFileType = file; path = "Inter-SemiBold.ttf"; sourceTree = "<group>"; };
		27FAD23B298A58F20069DE72 /* Inter-ExtraBold.ttf */ = {isa = PBXFileReference; lastKnownFileType = file; path = "Inter-ExtraBold.ttf"; sourceTree = "<group>"; };
		27FAD23C298A58F20069DE72 /* Inter-Bold.ttf */ = {isa = PBXFileReference; lastKnownFileType = file; path = "Inter-Bold.ttf"; sourceTree = "<group>"; };
		27FAD240298A58FA0069DE72 /* Amaranth-Bold.ttf */ = {isa = PBXFileReference; lastKnownFileType = file; path = "Amaranth-Bold.ttf"; sourceTree = "<group>"; };
		27FAD246298A5C900069DE72 /* TopBarView.swift */ = {isa = PBXFileReference; lastKnownFileType = sourcecode.swift; path = TopBarView.swift; sourceTree = "<group>"; };
		27FAD249298A5E380069DE72 /* RoundButtonView.swift */ = {isa = PBXFileReference; lastKnownFileType = sourcecode.swift; path = RoundButtonView.swift; sourceTree = "<group>"; };
		27FAD24B298A627F0069DE72 /* PickCardView.swift */ = {isa = PBXFileReference; lastKnownFileType = sourcecode.swift; path = PickCardView.swift; sourceTree = "<group>"; };
		27FAD24D298A6F080069DE72 /* Shadow.swift */ = {isa = PBXFileReference; lastKnownFileType = sourcecode.swift; path = Shadow.swift; sourceTree = "<group>"; };
		27FAD250298A77230069DE72 /* MovieCardView.swift */ = {isa = PBXFileReference; lastKnownFileType = sourcecode.swift; path = MovieCardView.swift; sourceTree = "<group>"; };
		27FAD252298A7D490069DE72 /* PagerTabView.swift */ = {isa = PBXFileReference; lastKnownFileType = sourcecode.swift; path = PagerTabView.swift; sourceTree = "<group>"; };
		27FAD254298A7DEB0069DE72 /* CircledButtonView.swift */ = {isa = PBXFileReference; lastKnownFileType = sourcecode.swift; path = CircledButtonView.swift; sourceTree = "<group>"; };
		27FAD256298A82070069DE72 /* PagerView.swift */ = {isa = PBXFileReference; lastKnownFileType = sourcecode.swift; path = PagerView.swift; sourceTree = "<group>"; };
		27FDBD5D29696773008FA32E /* Movie Pick of the Day.app */ = {isa = PBXFileReference; explicitFileType = wrapper.application; includeInIndex = 0; path = "Movie Pick of the Day.app"; sourceTree = BUILT_PRODUCTS_DIR; };
		27FDBD6D29696773008FA32E /* Icon.swift */ = {isa = PBXFileReference; lastKnownFileType = sourcecode.swift; path = Icon.swift; sourceTree = "<group>"; };
		27FDBD6F29696773008FA32E /* LaunchScreen.storyboard */ = {isa = PBXFileReference; lastKnownFileType = file.storyboard; path = LaunchScreen.storyboard; sourceTree = "<group>"; };
		27FDBD7329696773008FA32E /* Type.swift */ = {isa = PBXFileReference; lastKnownFileType = sourcecode.swift; path = Type.swift; sourceTree = "<group>"; };
		27FDBD7729696773008FA32E /* Color.swift */ = {isa = PBXFileReference; lastKnownFileType = sourcecode.swift; path = Color.swift; sourceTree = "<group>"; };
		27FDBD7929696773008FA32E /* Movie_Pick_of_the_DayApp.swift */ = {isa = PBXFileReference; lastKnownFileType = sourcecode.swift; path = Movie_Pick_of_the_DayApp.swift; sourceTree = "<group>"; };
		27FDBD7D29696775008FA32E /* Assets.xcassets */ = {isa = PBXFileReference; lastKnownFileType = folder.assetcatalog; path = Assets.xcassets; sourceTree = "<group>"; };
		27FDBD8029696776008FA32E /* Preview Assets.xcassets */ = {isa = PBXFileReference; lastKnownFileType = folder.assetcatalog; path = "Preview Assets.xcassets"; sourceTree = "<group>"; };
		27FDBD8629696776008FA32E /* Movie Pick of the DayTests.xctest */ = {isa = PBXFileReference; explicitFileType = wrapper.cfbundle; includeInIndex = 0; path = "Movie Pick of the DayTests.xctest"; sourceTree = BUILT_PRODUCTS_DIR; };
		27FDBD8A29696776008FA32E /* Dictionary_Coder_Tests.swift */ = {isa = PBXFileReference; lastKnownFileType = sourcecode.swift; path = Dictionary_Coder_Tests.swift; sourceTree = "<group>"; };
		27FDBD9029696776008FA32E /* Movie Pick of the DayUITests.xctest */ = {isa = PBXFileReference; explicitFileType = wrapper.cfbundle; includeInIndex = 0; path = "Movie Pick of the DayUITests.xctest"; sourceTree = BUILT_PRODUCTS_DIR; };
		27FDBD9429696776008FA32E /* Movie_Pick_of_the_DayUITests.swift */ = {isa = PBXFileReference; lastKnownFileType = sourcecode.swift; path = Movie_Pick_of_the_DayUITests.swift; sourceTree = "<group>"; };
		27FDBD9629696776008FA32E /* Movie_Pick_of_the_DayUITestsLaunchTests.swift */ = {isa = PBXFileReference; lastKnownFileType = sourcecode.swift; path = Movie_Pick_of_the_DayUITestsLaunchTests.swift; sourceTree = "<group>"; };
		27FDBDAA29696887008FA32E /* Keys.swift */ = {isa = PBXFileReference; fileEncoding = 4; lastKnownFileType = sourcecode.swift; path = Keys.swift; sourceTree = "<group>"; };
		27FDBDAB29696887008FA32E /* AppDataRepository.swift */ = {isa = PBXFileReference; fileEncoding = 4; lastKnownFileType = sourcecode.swift; path = AppDataRepository.swift; sourceTree = "<group>"; };
		27FDBDAC29696887008FA32E /* LocalStorage.swift */ = {isa = PBXFileReference; fileEncoding = 4; lastKnownFileType = sourcecode.swift; path = LocalStorage.swift; sourceTree = "<group>"; };
		27FDBDAD29696887008FA32E /* MovieRepository.swift */ = {isa = PBXFileReference; fileEncoding = 4; lastKnownFileType = sourcecode.swift; path = MovieRepository.swift; sourceTree = "<group>"; };
		27FDBDAE29696887008FA32E /* TMDBService.swift */ = {isa = PBXFileReference; fileEncoding = 4; lastKnownFileType = sourcecode.swift; path = TMDBService.swift; sourceTree = "<group>"; };
		27FDBDC5296968AF008FA32E /* SearchView.swift */ = {isa = PBXFileReference; fileEncoding = 4; lastKnownFileType = sourcecode.swift; path = SearchView.swift; sourceTree = "<group>"; };
		27FDBDC6296968AF008FA32E /* PickOfTheDayView.swift */ = {isa = PBXFileReference; fileEncoding = 4; lastKnownFileType = sourcecode.swift; path = PickOfTheDayView.swift; sourceTree = "<group>"; };
		27FDBDC7296968AF008FA32E /* AppView.swift */ = {isa = PBXFileReference; fileEncoding = 4; lastKnownFileType = sourcecode.swift; path = AppView.swift; sourceTree = "<group>"; };
		27FDBDC8296968AF008FA32E /* PickRevealView.swift */ = {isa = PBXFileReference; fileEncoding = 4; lastKnownFileType = sourcecode.swift; path = PickRevealView.swift; sourceTree = "<group>"; };
		27FDBDCE296969BA008FA32E /* Language.swift */ = {isa = PBXFileReference; fileEncoding = 4; lastKnownFileType = sourcecode.swift; path = Language.swift; sourceTree = "<group>"; };
		27FDBDCF296969BA008FA32E /* Movie.swift */ = {isa = PBXFileReference; fileEncoding = 4; lastKnownFileType = sourcecode.swift; path = Movie.swift; sourceTree = "<group>"; };
		27FDBDD0296969BA008FA32E /* Genre.swift */ = {isa = PBXFileReference; fileEncoding = 4; lastKnownFileType = sourcecode.swift; path = Genre.swift; sourceTree = "<group>"; };
		27FDBDD1296969BA008FA32E /* Response.swift */ = {isa = PBXFileReference; fileEncoding = 4; lastKnownFileType = sourcecode.swift; path = Response.swift; sourceTree = "<group>"; };
		27FDBDD2296969BA008FA32E /* Request.swift */ = {isa = PBXFileReference; fileEncoding = 4; lastKnownFileType = sourcecode.swift; path = Request.swift; sourceTree = "<group>"; };
		27FDBDD3296969BA008FA32E /* AppViewModel.swift */ = {isa = PBXFileReference; fileEncoding = 4; lastKnownFileType = sourcecode.swift; path = AppViewModel.swift; sourceTree = "<group>"; };
		27FDBDD5296969BA008FA32E /* Network.swift */ = {isa = PBXFileReference; fileEncoding = 4; lastKnownFileType = sourcecode.swift; path = Network.swift; sourceTree = "<group>"; };
		27FDBDD6296969BA008FA32E /* Dimensions.swift */ = {isa = PBXFileReference; fileEncoding = 4; lastKnownFileType = sourcecode.swift; path = Dimensions.swift; sourceTree = "<group>"; };
		27FDBDD7296969BA008FA32E /* Frame.swift */ = {isa = PBXFileReference; fileEncoding = 4; lastKnownFileType = sourcecode.swift; path = Frame.swift; sourceTree = "<group>"; };
		27FDBDD8296969BA008FA32E /* Text.swift */ = {isa = PBXFileReference; fileEncoding = 4; lastKnownFileType = sourcecode.swift; path = Text.swift; sourceTree = "<group>"; };
/* End PBXFileReference section */

/* Begin PBXFrameworksBuildPhase section */
		27FDBD5A29696773008FA32E /* Frameworks */ = {
			isa = PBXFrameworksBuildPhase;
			buildActionMask = 2147483647;
			files = (
			);
			runOnlyForDeploymentPostprocessing = 0;
		};
		27FDBD8329696776008FA32E /* Frameworks */ = {
			isa = PBXFrameworksBuildPhase;
			buildActionMask = 2147483647;
			files = (
			);
			runOnlyForDeploymentPostprocessing = 0;
		};
		27FDBD8D29696776008FA32E /* Frameworks */ = {
			isa = PBXFrameworksBuildPhase;
			buildActionMask = 2147483647;
			files = (
			);
			runOnlyForDeploymentPostprocessing = 0;
		};
/* End PBXFrameworksBuildPhase section */

/* Begin PBXGroup section */
		27579AC229C1E43C001A60B8 /* Button */ = {
			isa = PBXGroup;
			children = (
				27FAD249298A5E380069DE72 /* RoundButtonView.swift */,
				27FAD254298A7DEB0069DE72 /* CircledButtonView.swift */,
				2763BF5029926751008D609A /* CloseButtonView.swift */,
			);
			path = Button;
			sourceTree = "<group>";
		};
		27579AC329C1E446001A60B8 /* Pager */ = {
			isa = PBXGroup;
			children = (
				27FAD252298A7D490069DE72 /* PagerTabView.swift */,
				27FAD256298A82070069DE72 /* PagerView.swift */,
			);
			path = Pager;
			sourceTree = "<group>";
		};
		27579AC429C1E44E001A60B8 /* Chips */ = {
			isa = PBXGroup;
			children = (
				2763BF962993A633008D609A /* ChipButtonView.swift */,
				2763BF9229938A47008D609A /* ChipOptionView.swift */,
				2763BF942993A367008D609A /* ChipToggleView.swift */,
				2763BF5229926899008D609A /* SelectionChipsView.swift */,
			);
			path = Chips;
			sourceTree = "<group>";
		};
		27579AC529C1E479001A60B8 /* Image */ = {
			isa = PBXGroup;
			children = (
				277F846C2999FFBF00109CD3 /* AsyncImageView.swift */,
				27C1BD2E29A23CFB00D81AAA /* NoImageView.swift */,
				27C1BD9129A372CA00D81AAA /* LoadingImageView.swift */,
			);
			path = Image;
			sourceTree = "<group>";
		};
		27579AC629C1E4B6001A60B8 /* Visual */ = {
			isa = PBXGroup;
			children = (
				272C3A4B299E1BAC00316768 /* DividerView.swift */,
				2763BF542992793B008D609A /* StatusBarBackgroundView.swift */,
				272C3A51299E22B200316768 /* DisappearingGradientView.swift */,
				27C6C6D229AF326900A15B51 /* MovieFilmView.swift */,
			);
			path = Visual;
			sourceTree = "<group>";
		};
		27579AC729C1E4EF001A60B8 /* Card */ = {
			isa = PBXGroup;
			children = (
				27FAD250298A77230069DE72 /* MovieCardView.swift */,
			);
			path = Card;
			sourceTree = "<group>";
		};
		27579AC829C1E4F8001A60B8 /* Alert */ = {
			isa = PBXGroup;
			children = (
				27C6C6D429AF3A3D00A15B51 /* AlertView.swift */,
			);
			path = Alert;
			sourceTree = "<group>";
		};
		27FAD237298A53DD0069DE72 /* Resouces */ = {
			isa = PBXGroup;
			children = (
				27FAD239298A58BA0069DE72 /* Fonts */,
				27FDBD7D29696775008FA32E /* Assets.xcassets */,
			);
			path = Resouces;
			sourceTree = "<group>";
		};
		27FAD239298A58BA0069DE72 /* Fonts */ = {
			isa = PBXGroup;
			children = (
				27FAD240298A58FA0069DE72 /* Amaranth-Bold.ttf */,
				27FAD23C298A58F20069DE72 /* Inter-Bold.ttf */,
				27FAD23B298A58F20069DE72 /* Inter-ExtraBold.ttf */,
				27FAD23A298A58F20069DE72 /* Inter-SemiBold.ttf */,
			);
			path = Fonts;
			sourceTree = "<group>";
		};
		27FAD243298A5BF30069DE72 /* (1) Pick of the Day */ = {
			isa = PBXGroup;
			children = (
				27FDBDC6296968AF008FA32E /* PickOfTheDayView.swift */,
				270FC6FE299E3A25004226CD /* MoviePicksView.swift */,
				27FAD246298A5C900069DE72 /* TopBarView.swift */,
				27FAD24B298A627F0069DE72 /* PickCardView.swift */,
				2763BF4C2992646F008D609A /* PreferencesSheetView.swift */,
				2763BF4E2992666B008D609A /* FilledButtonView.swift */,
				27FAD244298A5C0E0069DE72 /* (3) Detail View */,
			);
			path = "(1) Pick of the Day";
			sourceTree = "<group>";
		};
		27FAD244298A5C0E0069DE72 /* (3) Detail View */ = {
			isa = PBXGroup;
			children = (
				27FDBDC8296968AF008FA32E /* PickRevealView.swift */,
				275D09EE299E18B6000F6169 /* MovieInfoBoxView.swift */,
				272C3A4F299E1EF700316768 /* SimilarMoviesView.swift */,
			);
			path = "(3) Detail View";
			sourceTree = "<group>";
		};
		27FAD245298A5C290069DE72 /* (2) Search */ = {
			isa = PBXGroup;
			children = (
				27FDBDC5296968AF008FA32E /* SearchView.swift */,
				2763BF482992455E008D609A /* SearchBarView.swift */,
				272C3A53299E2BA100316768 /* ResultMoviesView.swift */,
				27EE976A29A622F100D9D343 /* ResultNoInternetConnectionView.swift */,
				27C6C69B29AB5DAA00A15B51 /* ResultNetworkErrorView.swift */,
				27EE976C29A622FC00D9D343 /* ResultNoneView.swift */,
				27EE977029A6288300D9D343 /* SearchingView.swift */,
			);
			path = "(2) Search";
			sourceTree = "<group>";
		};
		27FAD248298A5E1F0069DE72 /* Components */ = {
			isa = PBXGroup;
			children = (
				27579AC229C1E43C001A60B8 /* Button */,
				27579AC329C1E446001A60B8 /* Pager */,
				27579AC429C1E44E001A60B8 /* Chips */,
				27579AC629C1E4B6001A60B8 /* Visual */,
				27579AC529C1E479001A60B8 /* Image */,
				27579AC729C1E4EF001A60B8 /* Card */,
				27579AC829C1E4F8001A60B8 /* Alert */,
				273F5D6B29C71A7E00C91C24 /* InfiniteLazyVGridView.swift */,
			);
			path = Components;
			sourceTree = "<group>";
		};
		27FAD24F298A6F0E0069DE72 /* Style */ = {
			isa = PBXGroup;
			children = (
				27FAD24D298A6F080069DE72 /* Shadow.swift */,
				2763BF4A29924860008D609A /* Modifier.swift */,
				270FC700299E3BB8004226CD /* Animation.swift */,
				273F5D6929C716AA00C91C24 /* Button.swift */,
			);
			path = Style;
			sourceTree = "<group>";
		};
		27FDBD5429696773008FA32E = {
			isa = PBXGroup;
			children = (
				27FDBD5F29696773008FA32E /* Movie Pick of the Day */,
				27FDBD8929696776008FA32E /* Movie Pick of the DayTests */,
				27FDBD9329696776008FA32E /* Movie Pick of the DayUITests */,
				27FDBD5E29696773008FA32E /* Products */,
			);
			sourceTree = "<group>";
		};
		27FDBD5E29696773008FA32E /* Products */ = {
			isa = PBXGroup;
			children = (
				27FDBD5D29696773008FA32E /* Movie Pick of the Day.app */,
				27FDBD8629696776008FA32E /* Movie Pick of the DayTests.xctest */,
				27FDBD9029696776008FA32E /* Movie Pick of the DayUITests.xctest */,
			);
			name = Products;
			sourceTree = "<group>";
		};
		27FDBD5F29696773008FA32E /* Movie Pick of the Day */ = {
			isa = PBXGroup;
			children = (
				27FAD238298A57440069DE72 /* Movie-Pick-of-the-Day-Info.plist */,
				27FDBD6F29696773008FA32E /* LaunchScreen.storyboard */,
				27FDBDA329696869008FA32E /* App */,
				27FAD248298A5E1F0069DE72 /* Components */,
				27FDBD6029696773008FA32E /* Views */,
				27FDBDA929696887008FA32E /* Data */,
				27FDBDCD296969BA008FA32E /* Models */,
				27FDBDD4296969BA008FA32E /* Utils */,
				27FAD24F298A6F0E0069DE72 /* Style */,
				27FDBD6C29696773008FA32E /* Theme */,
				27FAD237298A53DD0069DE72 /* Resouces */,
				27FDBD7F29696776008FA32E /* Preview Content */,
			);
			path = "Movie Pick of the Day";
			sourceTree = "<group>";
		};
		27FDBD6029696773008FA32E /* Views */ = {
			isa = PBXGroup;
			children = (
				27FDBDC7296968AF008FA32E /* AppView.swift */,
				27FAD243298A5BF30069DE72 /* (1) Pick of the Day */,
				27FAD245298A5C290069DE72 /* (2) Search */,
			);
			path = Views;
			sourceTree = "<group>";
		};
		27FDBD6C29696773008FA32E /* Theme */ = {
			isa = PBXGroup;
			children = (
				27FDBD6D29696773008FA32E /* Icon.swift */,
				27FDBD7329696773008FA32E /* Type.swift */,
				27FDBD7729696773008FA32E /* Color.swift */,
			);
			path = Theme;
			sourceTree = "<group>";
		};
		27FDBD7F29696776008FA32E /* Preview Content */ = {
			isa = PBXGroup;
			children = (
				27FDBD8029696776008FA32E /* Preview Assets.xcassets */,
			);
			path = "Preview Content";
			sourceTree = "<group>";
		};
		27FDBD8929696776008FA32E /* Movie Pick of the DayTests */ = {
			isa = PBXGroup;
			children = (
				273F5D6F29C95F7D00C91C24 /* Pager_Tests.swift */,
				276309B6298261BE009392F8 /* TMDB_Service_Tests.swift */,
				27BB19E829701DC000851E14 /* App_View_Model_Tests.swift */,
				27BB19E62970166E00851E14 /* Date_Tests.swift */,
				27BB19E0296FFB3600851E14 /* Array_Tests.swift */,
				27BB19DC296FE76A00851E14 /* App_Data_Repository_Tests.swift */,
				27FDBD8A29696776008FA32E /* Dictionary_Coder_Tests.swift */,
			);
			path = "Movie Pick of the DayTests";
			sourceTree = "<group>";
		};
		27FDBD9329696776008FA32E /* Movie Pick of the DayUITests */ = {
			isa = PBXGroup;
			children = (
				27FDBD9429696776008FA32E /* Movie_Pick_of_the_DayUITests.swift */,
				27FDBD9629696776008FA32E /* Movie_Pick_of_the_DayUITestsLaunchTests.swift */,
			);
			path = "Movie Pick of the DayUITests";
			sourceTree = "<group>";
		};
		27FDBDA329696869008FA32E /* App */ = {
			isa = PBXGroup;
			children = (
				27FDBD7929696773008FA32E /* Movie_Pick_of_the_DayApp.swift */,
			);
			path = App;
			sourceTree = "<group>";
		};
		27FDBDA929696887008FA32E /* Data */ = {
			isa = PBXGroup;
			children = (
				27FDBDAB29696887008FA32E /* AppDataRepository.swift */,
				27EE976E29A624AB00D9D343 /* NetworkConnectionRepository.swift */,
				27FDBDAD29696887008FA32E /* MovieRepository.swift */,
				277F846E299A2B1500109CD3 /* ImageCacheRepository.swift */,
				277F84682999FDC500109CD3 /* ImageRepository.swift */,
				27FDBDAC29696887008FA32E /* LocalStorage.swift */,
				27FDBDAE29696887008FA32E /* TMDBService.swift */,
				27FDBDAA29696887008FA32E /* Keys.swift */,
				27BB19E2296FFBBC00851E14 /* Test.swift */,
			);
			path = Data;
			sourceTree = "<group>";
		};
		27FDBDCD296969BA008FA32E /* Models */ = {
			isa = PBXGroup;
			children = (
				27FDBDD3296969BA008FA32E /* AppViewModel.swift */,
				27BB19D8296FCC0F00851E14 /* MovieDay.swift */,
				27BB19D4296FC67700851E14 /* Preference.swift */,
				27FDBDCE296969BA008FA32E /* Language.swift */,
				27FDBDCF296969BA008FA32E /* Movie.swift */,
				27FDBDD0296969BA008FA32E /* Genre.swift */,
				27FDBDD1296969BA008FA32E /* Response.swift */,
				27FDBDD2296969BA008FA32E /* Request.swift */,
				273F5D7129C966C200C91C24 /* SearchPager.swift */,
			);
			path = Models;
			sourceTree = "<group>";
		};
		27FDBDD4296969BA008FA32E /* Utils */ = {
			isa = PBXGroup;
			children = (
				27FDBDD5296969BA008FA32E /* Network.swift */,
				27FDBDD6296969BA008FA32E /* Dimensions.swift */,
				27FDBDD7296969BA008FA32E /* Frame.swift */,
				27FDBDD8296969BA008FA32E /* Text.swift */,
				27BB19D6296FC83400851E14 /* Date.swift */,
				27BB19DA296FE18700851E14 /* Coder.swift */,
				27BB19DE296FF41B00851E14 /* Shuffle.swift */,
				27BB19E4297007BC00851E14 /* Validation.swift */,
				2763BF982993D4D3008D609A /* Logging.swift */,
				277F84A0299BA64000109CD3 /* Numbers.swift */,
				273F5D6D29C95E3B00C91C24 /* Page.swift */,
			);
			path = Utils;
			sourceTree = "<group>";
		};
/* End PBXGroup section */

/* Begin PBXNativeTarget section */
		27FDBD5C29696773008FA32E /* Movie Pick of the Day */ = {
			isa = PBXNativeTarget;
			buildConfigurationList = 27FDBD9A29696776008FA32E /* Build configuration list for PBXNativeTarget "Movie Pick of the Day" */;
			buildPhases = (
				27FDBD5929696773008FA32E /* Sources */,
				27FDBD5A29696773008FA32E /* Frameworks */,
				27FDBD5B29696773008FA32E /* Resources */,
			);
			buildRules = (
			);
			dependencies = (
			);
			name = "Movie Pick of the Day";
			productName = "Movie Pick of the Day";
			productReference = 27FDBD5D29696773008FA32E /* Movie Pick of the Day.app */;
			productType = "com.apple.product-type.application";
		};
		27FDBD8529696776008FA32E /* Movie Pick of the DayTests */ = {
			isa = PBXNativeTarget;
			buildConfigurationList = 27FDBD9D29696776008FA32E /* Build configuration list for PBXNativeTarget "Movie Pick of the DayTests" */;
			buildPhases = (
				27FDBD8229696776008FA32E /* Sources */,
				27FDBD8329696776008FA32E /* Frameworks */,
				27FDBD8429696776008FA32E /* Resources */,
			);
			buildRules = (
			);
			dependencies = (
				27FDBD8829696776008FA32E /* PBXTargetDependency */,
			);
			name = "Movie Pick of the DayTests";
			productName = "Movie Pick of the DayTests";
			productReference = 27FDBD8629696776008FA32E /* Movie Pick of the DayTests.xctest */;
			productType = "com.apple.product-type.bundle.unit-test";
		};
		27FDBD8F29696776008FA32E /* Movie Pick of the DayUITests */ = {
			isa = PBXNativeTarget;
			buildConfigurationList = 27FDBDA029696776008FA32E /* Build configuration list for PBXNativeTarget "Movie Pick of the DayUITests" */;
			buildPhases = (
				27FDBD8C29696776008FA32E /* Sources */,
				27FDBD8D29696776008FA32E /* Frameworks */,
				27FDBD8E29696776008FA32E /* Resources */,
			);
			buildRules = (
			);
			dependencies = (
				27FDBD9229696776008FA32E /* PBXTargetDependency */,
			);
			name = "Movie Pick of the DayUITests";
			productName = "Movie Pick of the DayUITests";
			productReference = 27FDBD9029696776008FA32E /* Movie Pick of the DayUITests.xctest */;
			productType = "com.apple.product-type.bundle.ui-testing";
		};
/* End PBXNativeTarget section */

/* Begin PBXProject section */
		27FDBD5529696773008FA32E /* Project object */ = {
			isa = PBXProject;
			attributes = {
				BuildIndependentTargetsInParallel = 1;
				LastSwiftUpdateCheck = 1420;
				LastUpgradeCheck = 1420;
				TargetAttributes = {
					27FDBD5C29696773008FA32E = {
						CreatedOnToolsVersion = 14.2;
					};
					27FDBD8529696776008FA32E = {
						CreatedOnToolsVersion = 14.2;
						TestTargetID = 27FDBD5C29696773008FA32E;
					};
					27FDBD8F29696776008FA32E = {
						CreatedOnToolsVersion = 14.2;
						TestTargetID = 27FDBD5C29696773008FA32E;
					};
				};
			};
			buildConfigurationList = 27FDBD5829696773008FA32E /* Build configuration list for PBXProject "Movie Pick of the Day" */;
			compatibilityVersion = "Xcode 14.0";
			developmentRegion = en;
			hasScannedForEncodings = 0;
			knownRegions = (
				en,
				Base,
			);
			mainGroup = 27FDBD5429696773008FA32E;
			productRefGroup = 27FDBD5E29696773008FA32E /* Products */;
			projectDirPath = "";
			projectRoot = "";
			targets = (
				27FDBD5C29696773008FA32E /* Movie Pick of the Day */,
				27FDBD8529696776008FA32E /* Movie Pick of the DayTests */,
				27FDBD8F29696776008FA32E /* Movie Pick of the DayUITests */,
			);
		};
/* End PBXProject section */

/* Begin PBXResourcesBuildPhase section */
		27FDBD5B29696773008FA32E /* Resources */ = {
			isa = PBXResourcesBuildPhase;
			buildActionMask = 2147483647;
			files = (
				27FAD241298A58FA0069DE72 /* Amaranth-Bold.ttf in Resources */,
				27FAD23F298A58F20069DE72 /* Inter-Bold.ttf in Resources */,
				27FAD23E298A58F20069DE72 /* Inter-ExtraBold.ttf in Resources */,
				27FAD23D298A58F20069DE72 /* Inter-SemiBold.ttf in Resources */,
				27FDBD7E29696775008FA32E /* Assets.xcassets in Resources */,
				27FDBD8129696776008FA32E /* Preview Assets.xcassets in Resources */,
				27FDBD7029696773008FA32E /* LaunchScreen.storyboard in Resources */,
			);
			runOnlyForDeploymentPostprocessing = 0;
		};
		27FDBD8429696776008FA32E /* Resources */ = {
			isa = PBXResourcesBuildPhase;
			buildActionMask = 2147483647;
			files = (
			);
			runOnlyForDeploymentPostprocessing = 0;
		};
		27FDBD8E29696776008FA32E /* Resources */ = {
			isa = PBXResourcesBuildPhase;
			buildActionMask = 2147483647;
			files = (
			);
			runOnlyForDeploymentPostprocessing = 0;
		};
/* End PBXResourcesBuildPhase section */

/* Begin PBXSourcesBuildPhase section */
		27FDBD5929696773008FA32E /* Sources */ = {
			isa = PBXSourcesBuildPhase;
			buildActionMask = 2147483647;
			files = (
				2763BF4F2992666B008D609A /* FilledButtonView.swift in Sources */,
				27FDBDCB296968B0008FA32E /* AppView.swift in Sources */,
				27C6C69C29AB5DAA00A15B51 /* ResultNetworkErrorView.swift in Sources */,
				27FDBDBD29696887008FA32E /* MovieRepository.swift in Sources */,
				27FDBDDE296969BA008FA32E /* AppViewModel.swift in Sources */,
				277F84A1299BA64000109CD3 /* Numbers.swift in Sources */,
				27C1BD2F29A23CFB00D81AAA /* NoImageView.swift in Sources */,
				275D09EF299E18B6000F6169 /* MovieInfoBoxView.swift in Sources */,
				2763BF9329938A47008D609A /* ChipOptionView.swift in Sources */,
				27FDBDBA29696887008FA32E /* Keys.swift in Sources */,
				272C3A54299E2BA100316768 /* ResultMoviesView.swift in Sources */,
				27BB19DB296FE18700851E14 /* Coder.swift in Sources */,
				272C3A50299E1EF700316768 /* SimilarMoviesView.swift in Sources */,
				27FDBDDC296969BA008FA32E /* Response.swift in Sources */,
				277F846F299A2B1500109CD3 /* ImageCacheRepository.swift in Sources */,
				273F5D7229C966C200C91C24 /* SearchPager.swift in Sources */,
				27FDBDE0296969BA008FA32E /* Dimensions.swift in Sources */,
				27BB19D7296FC83400851E14 /* Date.swift in Sources */,
				270FC6FF299E3A25004226CD /* MoviePicksView.swift in Sources */,
				2763BF952993A367008D609A /* ChipToggleView.swift in Sources */,
				27BB19E3296FFBBC00851E14 /* Test.swift in Sources */,
				2763BF972993A633008D609A /* ChipButtonView.swift in Sources */,
				27BB19DF296FF41B00851E14 /* Shuffle.swift in Sources */,
				27FDBDD9296969BA008FA32E /* Language.swift in Sources */,
				27FAD255298A7DEB0069DE72 /* CircledButtonView.swift in Sources */,
				27FAD247298A5C900069DE72 /* TopBarView.swift in Sources */,
				27FDBD6E29696773008FA32E /* Icon.swift in Sources */,
				27EE977129A6288300D9D343 /* SearchingView.swift in Sources */,
				27EE976F29A624AB00D9D343 /* NetworkConnectionRepository.swift in Sources */,
				27EE976D29A622FC00D9D343 /* ResultNoneView.swift in Sources */,
				27FDBD7A29696773008FA32E /* Movie_Pick_of_the_DayApp.swift in Sources */,
				27FAD253298A7D490069DE72 /* PagerTabView.swift in Sources */,
				27FAD257298A82070069DE72 /* PagerView.swift in Sources */,
				27FDBDDD296969BA008FA32E /* Request.swift in Sources */,
				27FAD24A298A5E390069DE72 /* RoundButtonView.swift in Sources */,
				27BB19D5296FC67700851E14 /* Preference.swift in Sources */,
				273F5D6A29C716AA00C91C24 /* Button.swift in Sources */,
				27FDBDC9296968B0008FA32E /* SearchView.swift in Sources */,
				27FDBDDF296969BA008FA32E /* Network.swift in Sources */,
				2763BF492992455E008D609A /* SearchBarView.swift in Sources */,
				27FDBDDB296969BA008FA32E /* Genre.swift in Sources */,
				27EE976B29A622F100D9D343 /* ResultNoInternetConnectionView.swift in Sources */,
				2763BF4B29924860008D609A /* Modifier.swift in Sources */,
				27C6C6D529AF3A3D00A15B51 /* AlertView.swift in Sources */,
				27C6C6D329AF326A00A15B51 /* MovieFilmView.swift in Sources */,
				2763BF992993D4D3008D609A /* Logging.swift in Sources */,
				27FDBDE2296969BA008FA32E /* Text.swift in Sources */,
				273F5D6C29C71A7E00C91C24 /* InfiniteLazyVGridView.swift in Sources */,
				27FDBD7429696773008FA32E /* Type.swift in Sources */,
				27FDBDCC296968B0008FA32E /* PickRevealView.swift in Sources */,
				27FDBDBC29696887008FA32E /* LocalStorage.swift in Sources */,
				273F5D6E29C95E3B00C91C24 /* Page.swift in Sources */,
				27C1BD9229A372CA00D81AAA /* LoadingImageView.swift in Sources */,
				27BB19D9296FCC0F00851E14 /* MovieDay.swift in Sources */,
				2763BF5329926899008D609A /* SelectionChipsView.swift in Sources */,
				27FDBDBB29696887008FA32E /* AppDataRepository.swift in Sources */,
				277F84692999FDC500109CD3 /* ImageRepository.swift in Sources */,
				27FAD251298A77230069DE72 /* MovieCardView.swift in Sources */,
				27FDBD7829696773008FA32E /* Color.swift in Sources */,
				27FDBDBE29696887008FA32E /* TMDBService.swift in Sources */,
				272C3A4C299E1BAC00316768 /* DividerView.swift in Sources */,
				27FDBDCA296968B0008FA32E /* PickOfTheDayView.swift in Sources */,
				2763BF5129926751008D609A /* CloseButtonView.swift in Sources */,
				2763BF4D2992646F008D609A /* PreferencesSheetView.swift in Sources */,
				2763BF552992793B008D609A /* StatusBarBackgroundView.swift in Sources */,
				27FDBDDA296969BA008FA32E /* Movie.swift in Sources */,
				27BB19E5297007BC00851E14 /* Validation.swift in Sources */,
				277F846D2999FFBF00109CD3 /* AsyncImageView.swift in Sources */,
				27FDBDE1296969BA008FA32E /* Frame.swift in Sources */,
				27FAD24C298A627F0069DE72 /* PickCardView.swift in Sources */,
				27FAD24E298A6F080069DE72 /* Shadow.swift in Sources */,
				270FC701299E3BB8004226CD /* Animation.swift in Sources */,
				272C3A52299E22B200316768 /* DisappearingGradientView.swift in Sources */,
			);
			runOnlyForDeploymentPostprocessing = 0;
		};
		27FDBD8229696776008FA32E /* Sources */ = {
			isa = PBXSourcesBuildPhase;
			buildActionMask = 2147483647;
			files = (
				27BB19E929701DC000851E14 /* App_View_Model_Tests.swift in Sources */,
				273F5D7029C95F7D00C91C24 /* Pager_Tests.swift in Sources */,
				27FDBD8B29696776008FA32E /* Dictionary_Coder_Tests.swift in Sources */,
				27BB19DD296FE76A00851E14 /* App_Data_Repository_Tests.swift in Sources */,
				27BB19E1296FFB3600851E14 /* Array_Tests.swift in Sources */,
				276309B7298261BE009392F8 /* TMDB_Service_Tests.swift in Sources */,
				27BB19E72970166E00851E14 /* Date_Tests.swift in Sources */,
			);
			runOnlyForDeploymentPostprocessing = 0;
		};
		27FDBD8C29696776008FA32E /* Sources */ = {
			isa = PBXSourcesBuildPhase;
			buildActionMask = 2147483647;
			files = (
				27FDBD9729696776008FA32E /* Movie_Pick_of_the_DayUITestsLaunchTests.swift in Sources */,
				27FDBD9529696776008FA32E /* Movie_Pick_of_the_DayUITests.swift in Sources */,
			);
			runOnlyForDeploymentPostprocessing = 0;
		};
/* End PBXSourcesBuildPhase section */

/* Begin PBXTargetDependency section */
		27FDBD8829696776008FA32E /* PBXTargetDependency */ = {
			isa = PBXTargetDependency;
			target = 27FDBD5C29696773008FA32E /* Movie Pick of the Day */;
			targetProxy = 27FDBD8729696776008FA32E /* PBXContainerItemProxy */;
		};
		27FDBD9229696776008FA32E /* PBXTargetDependency */ = {
			isa = PBXTargetDependency;
			target = 27FDBD5C29696773008FA32E /* Movie Pick of the Day */;
			targetProxy = 27FDBD9129696776008FA32E /* PBXContainerItemProxy */;
		};
/* End PBXTargetDependency section */

/* Begin XCBuildConfiguration section */
		27FDBD9829696776008FA32E /* Debug */ = {
			isa = XCBuildConfiguration;
			buildSettings = {
				ALWAYS_SEARCH_USER_PATHS = NO;
				CLANG_ANALYZER_NONNULL = YES;
				CLANG_ANALYZER_NUMBER_OBJECT_CONVERSION = YES_AGGRESSIVE;
				CLANG_CXX_LANGUAGE_STANDARD = "gnu++20";
				CLANG_ENABLE_MODULES = YES;
				CLANG_ENABLE_OBJC_ARC = YES;
				CLANG_ENABLE_OBJC_WEAK = YES;
				CLANG_WARN_BLOCK_CAPTURE_AUTORELEASING = YES;
				CLANG_WARN_BOOL_CONVERSION = YES;
				CLANG_WARN_COMMA = YES;
				CLANG_WARN_CONSTANT_CONVERSION = YES;
				CLANG_WARN_DEPRECATED_OBJC_IMPLEMENTATIONS = YES;
				CLANG_WARN_DIRECT_OBJC_ISA_USAGE = YES_ERROR;
				CLANG_WARN_DOCUMENTATION_COMMENTS = YES;
				CLANG_WARN_EMPTY_BODY = YES;
				CLANG_WARN_ENUM_CONVERSION = YES;
				CLANG_WARN_INFINITE_RECURSION = YES;
				CLANG_WARN_INT_CONVERSION = YES;
				CLANG_WARN_NON_LITERAL_NULL_CONVERSION = YES;
				CLANG_WARN_OBJC_IMPLICIT_RETAIN_SELF = YES;
				CLANG_WARN_OBJC_LITERAL_CONVERSION = YES;
				CLANG_WARN_OBJC_ROOT_CLASS = YES_ERROR;
				CLANG_WARN_QUOTED_INCLUDE_IN_FRAMEWORK_HEADER = YES;
				CLANG_WARN_RANGE_LOOP_ANALYSIS = YES;
				CLANG_WARN_STRICT_PROTOTYPES = YES;
				CLANG_WARN_SUSPICIOUS_MOVE = YES;
				CLANG_WARN_UNGUARDED_AVAILABILITY = YES_AGGRESSIVE;
				CLANG_WARN_UNREACHABLE_CODE = YES;
				CLANG_WARN__DUPLICATE_METHOD_MATCH = YES;
				COPY_PHASE_STRIP = NO;
				DEBUG_INFORMATION_FORMAT = dwarf;
				ENABLE_STRICT_OBJC_MSGSEND = YES;
				ENABLE_TESTABILITY = YES;
				GCC_C_LANGUAGE_STANDARD = gnu11;
				GCC_DYNAMIC_NO_PIC = NO;
				GCC_NO_COMMON_BLOCKS = YES;
				GCC_OPTIMIZATION_LEVEL = 0;
				GCC_PREPROCESSOR_DEFINITIONS = (
					"DEBUG=1",
					"$(inherited)",
				);
				GCC_WARN_64_TO_32_BIT_CONVERSION = YES;
				GCC_WARN_ABOUT_RETURN_TYPE = YES_ERROR;
				GCC_WARN_UNDECLARED_SELECTOR = YES;
				GCC_WARN_UNINITIALIZED_AUTOS = YES_AGGRESSIVE;
				GCC_WARN_UNUSED_FUNCTION = YES;
				GCC_WARN_UNUSED_VARIABLE = YES;
				IPHONEOS_DEPLOYMENT_TARGET = 14.0;
				MTL_ENABLE_DEBUG_INFO = INCLUDE_SOURCE;
				MTL_FAST_MATH = YES;
				ONLY_ACTIVE_ARCH = YES;
				SDKROOT = iphoneos;
				SWIFT_ACTIVE_COMPILATION_CONDITIONS = DEBUG;
				SWIFT_OPTIMIZATION_LEVEL = "-Onone";
			};
			name = Debug;
		};
		27FDBD9929696776008FA32E /* Release */ = {
			isa = XCBuildConfiguration;
			buildSettings = {
				ALWAYS_SEARCH_USER_PATHS = NO;
				CLANG_ANALYZER_NONNULL = YES;
				CLANG_ANALYZER_NUMBER_OBJECT_CONVERSION = YES_AGGRESSIVE;
				CLANG_CXX_LANGUAGE_STANDARD = "gnu++20";
				CLANG_ENABLE_MODULES = YES;
				CLANG_ENABLE_OBJC_ARC = YES;
				CLANG_ENABLE_OBJC_WEAK = YES;
				CLANG_WARN_BLOCK_CAPTURE_AUTORELEASING = YES;
				CLANG_WARN_BOOL_CONVERSION = YES;
				CLANG_WARN_COMMA = YES;
				CLANG_WARN_CONSTANT_CONVERSION = YES;
				CLANG_WARN_DEPRECATED_OBJC_IMPLEMENTATIONS = YES;
				CLANG_WARN_DIRECT_OBJC_ISA_USAGE = YES_ERROR;
				CLANG_WARN_DOCUMENTATION_COMMENTS = YES;
				CLANG_WARN_EMPTY_BODY = YES;
				CLANG_WARN_ENUM_CONVERSION = YES;
				CLANG_WARN_INFINITE_RECURSION = YES;
				CLANG_WARN_INT_CONVERSION = YES;
				CLANG_WARN_NON_LITERAL_NULL_CONVERSION = YES;
				CLANG_WARN_OBJC_IMPLICIT_RETAIN_SELF = YES;
				CLANG_WARN_OBJC_LITERAL_CONVERSION = YES;
				CLANG_WARN_OBJC_ROOT_CLASS = YES_ERROR;
				CLANG_WARN_QUOTED_INCLUDE_IN_FRAMEWORK_HEADER = YES;
				CLANG_WARN_RANGE_LOOP_ANALYSIS = YES;
				CLANG_WARN_STRICT_PROTOTYPES = YES;
				CLANG_WARN_SUSPICIOUS_MOVE = YES;
				CLANG_WARN_UNGUARDED_AVAILABILITY = YES_AGGRESSIVE;
				CLANG_WARN_UNREACHABLE_CODE = YES;
				CLANG_WARN__DUPLICATE_METHOD_MATCH = YES;
				COPY_PHASE_STRIP = NO;
				DEBUG_INFORMATION_FORMAT = "dwarf-with-dsym";
				ENABLE_NS_ASSERTIONS = NO;
				ENABLE_STRICT_OBJC_MSGSEND = YES;
				GCC_C_LANGUAGE_STANDARD = gnu11;
				GCC_NO_COMMON_BLOCKS = YES;
				GCC_WARN_64_TO_32_BIT_CONVERSION = YES;
				GCC_WARN_ABOUT_RETURN_TYPE = YES_ERROR;
				GCC_WARN_UNDECLARED_SELECTOR = YES;
				GCC_WARN_UNINITIALIZED_AUTOS = YES_AGGRESSIVE;
				GCC_WARN_UNUSED_FUNCTION = YES;
				GCC_WARN_UNUSED_VARIABLE = YES;
				IPHONEOS_DEPLOYMENT_TARGET = 14.0;
				MTL_ENABLE_DEBUG_INFO = NO;
				MTL_FAST_MATH = YES;
				SDKROOT = iphoneos;
				SWIFT_COMPILATION_MODE = wholemodule;
				SWIFT_OPTIMIZATION_LEVEL = "-O";
				VALIDATE_PRODUCT = YES;
			};
			name = Release;
		};
		27FDBD9B29696776008FA32E /* Debug */ = {
			isa = XCBuildConfiguration;
			buildSettings = {
				ASSETCATALOG_COMPILER_APPICON_NAME = AppIcon;
				ASSETCATALOG_COMPILER_GLOBAL_ACCENT_COLOR_NAME = AccentColor;
				CODE_SIGN_STYLE = Automatic;
				CURRENT_PROJECT_VERSION = 1;
				DEVELOPMENT_ASSET_PATHS = "\"Movie Pick of the Day/Preview Content\"";
				DEVELOPMENT_TEAM = KB9D3Y7M29;
				ENABLE_PREVIEWS = YES;
				GENERATE_INFOPLIST_FILE = YES;
				INFOPLIST_FILE = "Movie-Pick-of-the-Day-Info.plist";
				INFOPLIST_KEY_LSApplicationCategoryType = "public.app-category.entertainment";
				INFOPLIST_KEY_UIApplicationSceneManifest_Generation = YES;
				INFOPLIST_KEY_UIApplicationSupportsIndirectInputEvents = YES;
				INFOPLIST_KEY_UILaunchStoryboardName = LaunchScreen.storyboard;
				INFOPLIST_KEY_UIStatusBarStyle = "";
				INFOPLIST_KEY_UISupportedInterfaceOrientations = UIInterfaceOrientationPortrait;
				INFOPLIST_KEY_UISupportedInterfaceOrientations_iPad = "UIInterfaceOrientationLandscapeLeft UIInterfaceOrientationLandscapeRight UIInterfaceOrientationPortrait UIInterfaceOrientationPortraitUpsideDown";
				INFOPLIST_KEY_UIUserInterfaceStyle = Dark;
				IPHONEOS_DEPLOYMENT_TARGET = 14.0;
				LD_RUNPATH_SEARCH_PATHS = (
					"$(inherited)",
					"@executable_path/Frameworks",
				);
				MARKETING_VERSION = 1.0;
				PRODUCT_BUNDLE_IDENTIFIER = "com.penguinworks.Movie-Pick-of-the-Day";
				PRODUCT_NAME = "$(TARGET_NAME)";
				SUPPORTED_PLATFORMS = "iphoneos iphonesimulator";
				SUPPORTS_MACCATALYST = NO;
				SUPPORTS_MAC_DESIGNED_FOR_IPHONE_IPAD = NO;
				SWIFT_EMIT_LOC_STRINGS = YES;
				SWIFT_VERSION = 5.0;
				TARGETED_DEVICE_FAMILY = 1;
			};
			name = Debug;
		};
		27FDBD9C29696776008FA32E /* Release */ = {
			isa = XCBuildConfiguration;
			buildSettings = {
				ASSETCATALOG_COMPILER_APPICON_NAME = AppIcon;
				ASSETCATALOG_COMPILER_GLOBAL_ACCENT_COLOR_NAME = AccentColor;
				CODE_SIGN_STYLE = Automatic;
				CURRENT_PROJECT_VERSION = 1;
				DEVELOPMENT_ASSET_PATHS = "\"Movie Pick of the Day/Preview Content\"";
				DEVELOPMENT_TEAM = KB9D3Y7M29;
				ENABLE_PREVIEWS = YES;
				GENERATE_INFOPLIST_FILE = YES;
				INFOPLIST_FILE = "Movie-Pick-of-the-Day-Info.plist";
				INFOPLIST_KEY_LSApplicationCategoryType = "public.app-category.entertainment";
				INFOPLIST_KEY_UIApplicationSceneManifest_Generation = YES;
				INFOPLIST_KEY_UIApplicationSupportsIndirectInputEvents = YES;
				INFOPLIST_KEY_UILaunchStoryboardName = LaunchScreen.storyboard;
				INFOPLIST_KEY_UIStatusBarStyle = "";
				INFOPLIST_KEY_UISupportedInterfaceOrientations = UIInterfaceOrientationPortrait;
				INFOPLIST_KEY_UISupportedInterfaceOrientations_iPad = "UIInterfaceOrientationLandscapeLeft UIInterfaceOrientationLandscapeRight UIInterfaceOrientationPortrait UIInterfaceOrientationPortraitUpsideDown";
				INFOPLIST_KEY_UIUserInterfaceStyle = Dark;
				IPHONEOS_DEPLOYMENT_TARGET = 14.0;
				LD_RUNPATH_SEARCH_PATHS = (
					"$(inherited)",
					"@executable_path/Frameworks",
				);
				MARKETING_VERSION = 1.0;
				PRODUCT_BUNDLE_IDENTIFIER = "com.penguinworks.Movie-Pick-of-the-Day";
				PRODUCT_NAME = "$(TARGET_NAME)";
				SUPPORTED_PLATFORMS = "iphoneos iphonesimulator";
				SUPPORTS_MACCATALYST = NO;
				SUPPORTS_MAC_DESIGNED_FOR_IPHONE_IPAD = NO;
				SWIFT_EMIT_LOC_STRINGS = YES;
				SWIFT_VERSION = 5.0;
				TARGETED_DEVICE_FAMILY = 1;
			};
			name = Release;
		};
		27FDBD9E29696776008FA32E /* Debug */ = {
			isa = XCBuildConfiguration;
			buildSettings = {
				ALWAYS_EMBED_SWIFT_STANDARD_LIBRARIES = YES;
				BUNDLE_LOADER = "$(TEST_HOST)";
				CODE_SIGN_STYLE = Automatic;
				CURRENT_PROJECT_VERSION = 1;
				DEVELOPMENT_TEAM = KB9D3Y7M29;
				GENERATE_INFOPLIST_FILE = YES;
				IPHONEOS_DEPLOYMENT_TARGET = 14.0;
				MARKETING_VERSION = 1.0;
				PRODUCT_BUNDLE_IDENTIFIER = "com.penguinworks.Movie-Pick-of-the-DayTests";
				PRODUCT_NAME = "$(TARGET_NAME)";
				SUPPORTED_PLATFORMS = "iphoneos iphonesimulator";
				SUPPORTS_MACCATALYST = NO;
				SUPPORTS_MAC_DESIGNED_FOR_IPHONE_IPAD = NO;
				SWIFT_EMIT_LOC_STRINGS = NO;
				SWIFT_VERSION = 5.0;
				TARGETED_DEVICE_FAMILY = 1;
				TEST_HOST = "$(BUILT_PRODUCTS_DIR)/Movie Pick of the Day.app/$(BUNDLE_EXECUTABLE_FOLDER_PATH)/Movie Pick of the Day";
			};
			name = Debug;
		};
		27FDBD9F29696776008FA32E /* Release */ = {
			isa = XCBuildConfiguration;
			buildSettings = {
				ALWAYS_EMBED_SWIFT_STANDARD_LIBRARIES = YES;
				BUNDLE_LOADER = "$(TEST_HOST)";
				CODE_SIGN_STYLE = Automatic;
				CURRENT_PROJECT_VERSION = 1;
				DEVELOPMENT_TEAM = KB9D3Y7M29;
				GENERATE_INFOPLIST_FILE = YES;
				IPHONEOS_DEPLOYMENT_TARGET = 14.0;
				MARKETING_VERSION = 1.0;
				PRODUCT_BUNDLE_IDENTIFIER = "com.penguinworks.Movie-Pick-of-the-DayTests";
				PRODUCT_NAME = "$(TARGET_NAME)";
				SUPPORTED_PLATFORMS = "iphoneos iphonesimulator";
				SUPPORTS_MACCATALYST = NO;
				SUPPORTS_MAC_DESIGNED_FOR_IPHONE_IPAD = NO;
				SWIFT_EMIT_LOC_STRINGS = NO;
				SWIFT_VERSION = 5.0;
				TARGETED_DEVICE_FAMILY = 1;
				TEST_HOST = "$(BUILT_PRODUCTS_DIR)/Movie Pick of the Day.app/$(BUNDLE_EXECUTABLE_FOLDER_PATH)/Movie Pick of the Day";
			};
			name = Release;
		};
		27FDBDA129696776008FA32E /* Debug */ = {
			isa = XCBuildConfiguration;
			buildSettings = {
				ALWAYS_EMBED_SWIFT_STANDARD_LIBRARIES = YES;
				CODE_SIGN_STYLE = Automatic;
				CURRENT_PROJECT_VERSION = 1;
				DEVELOPMENT_TEAM = KB9D3Y7M29;
				GENERATE_INFOPLIST_FILE = YES;
				IPHONEOS_DEPLOYMENT_TARGET = 14.0;
				MARKETING_VERSION = 1.0;
				PRODUCT_BUNDLE_IDENTIFIER = "com.penguinworks.Movie-Pick-of-the-DayUITests";
				PRODUCT_NAME = "$(TARGET_NAME)";
				SUPPORTED_PLATFORMS = "iphoneos iphonesimulator";
				SUPPORTS_MACCATALYST = NO;
				SUPPORTS_MAC_DESIGNED_FOR_IPHONE_IPAD = NO;
				SWIFT_EMIT_LOC_STRINGS = NO;
				SWIFT_VERSION = 5.0;
				TARGETED_DEVICE_FAMILY = 1;
				TEST_TARGET_NAME = "Movie Pick of the Day";
			};
			name = Debug;
		};
		27FDBDA229696776008FA32E /* Release */ = {
			isa = XCBuildConfiguration;
			buildSettings = {
				ALWAYS_EMBED_SWIFT_STANDARD_LIBRARIES = YES;
				CODE_SIGN_STYLE = Automatic;
				CURRENT_PROJECT_VERSION = 1;
				DEVELOPMENT_TEAM = KB9D3Y7M29;
				GENERATE_INFOPLIST_FILE = YES;
				IPHONEOS_DEPLOYMENT_TARGET = 14.0;
				MARKETING_VERSION = 1.0;
				PRODUCT_BUNDLE_IDENTIFIER = "com.penguinworks.Movie-Pick-of-the-DayUITests";
				PRODUCT_NAME = "$(TARGET_NAME)";
				SUPPORTED_PLATFORMS = "iphoneos iphonesimulator";
				SUPPORTS_MACCATALYST = NO;
				SUPPORTS_MAC_DESIGNED_FOR_IPHONE_IPAD = NO;
				SWIFT_EMIT_LOC_STRINGS = NO;
				SWIFT_VERSION = 5.0;
				TARGETED_DEVICE_FAMILY = 1;
				TEST_TARGET_NAME = "Movie Pick of the Day";
			};
			name = Release;
		};
/* End XCBuildConfiguration section */

/* Begin XCConfigurationList section */
		27FDBD5829696773008FA32E /* Build configuration list for PBXProject "Movie Pick of the Day" */ = {
			isa = XCConfigurationList;
			buildConfigurations = (
				27FDBD9829696776008FA32E /* Debug */,
				27FDBD9929696776008FA32E /* Release */,
			);
			defaultConfigurationIsVisible = 0;
			defaultConfigurationName = Release;
		};
		27FDBD9A29696776008FA32E /* Build configuration list for PBXNativeTarget "Movie Pick of the Day" */ = {
			isa = XCConfigurationList;
			buildConfigurations = (
				27FDBD9B29696776008FA32E /* Debug */,
				27FDBD9C29696776008FA32E /* Release */,
			);
			defaultConfigurationIsVisible = 0;
			defaultConfigurationName = Release;
		};
		27FDBD9D29696776008FA32E /* Build configuration list for PBXNativeTarget "Movie Pick of the DayTests" */ = {
			isa = XCConfigurationList;
			buildConfigurations = (
				27FDBD9E29696776008FA32E /* Debug */,
				27FDBD9F29696776008FA32E /* Release */,
			);
			defaultConfigurationIsVisible = 0;
			defaultConfigurationName = Release;
		};
		27FDBDA029696776008FA32E /* Build configuration list for PBXNativeTarget "Movie Pick of the DayUITests" */ = {
			isa = XCConfigurationList;
			buildConfigurations = (
				27FDBDA129696776008FA32E /* Debug */,
				27FDBDA229696776008FA32E /* Release */,
			);
			defaultConfigurationIsVisible = 0;
			defaultConfigurationName = Release;
		};
/* End XCConfigurationList section */
	};
	rootObject = 27FDBD5529696773008FA32E /* Project object */;
}
